
Microsoft Visual Studio Solution File, Format Version 12.00
# Visual Studio Version 16
VisualStudioVersion = 16.0.29728.190
MinimumVisualStudioVersion = 10.0.40219.1
Project("{FAE04EC0-301F-11D3-BF4B-00C04F79EFBC}") = "test-web-api", "test-web-api\test-web-api.csproj", "{35CAC002-8FFB-4D86-8BF5-164FBD06C6CB}"
EndProject
Global
	GlobalSection(SolutionConfigurationPlatforms) = preSolution
		Debug|Any CPU = Debug|Any CPU
		Release|Any CPU = Release|Any CPU
	EndGlobalSection
	GlobalSection(ProjectConfigurationPlatforms) = postSolution
		{35CAC002-8FFB-4D86-8BF5-164FBD06C6CB}.Debug|Any CPU.ActiveCfg = Debug|Any CPU
		{35CAC002-8FFB-4D86-8BF5-164FBD06C6CB}.Debug|Any CPU.Build.0 = Debug|Any CPU
		{35CAC002-8FFB-4D86-8BF5-164FBD06C6CB}.Release|Any CPU.ActiveCfg = Release|Any CPU
		{35CAC002-8FFB-4D86-8BF5-164FBD06C6CB}.Release|Any CPU.Build.0 = Release|Any CPU
	EndGlobalSection
	GlobalSection(SolutionProperties) = preSolution
		HideSolutionNode = FALSE
	EndGlobalSection
	GlobalSection(ExtensibilityGlobals) = postSolution
		SolutionGuid = {AD9A9FA7-346A-439F-A0A2-14DC95DC360D}
	EndGlobalSection
EndGlobal
